
Microsoft Visual Studio Solution File, Format Version 12.00
# Visual Studio Version 17
VisualStudioVersion = 17.1.32228.430
MinimumVisualStudioVersion = 10.0.40219.1
Project("{FAE04EC0-301F-11D3-BF4B-00C04F79EFBC}") = "WinFormsApp1", "WinFormsApp1\WinFormsApp1.csproj", "{AE61C6B2-6332-40B0-81B5-DE9412C70255}"
EndProject
Global
	GlobalSection(SolutionConfigurationPlatforms) = preSolution
		Debug|Any CPU = Debug|Any CPU
		Release|Any CPU = Release|Any CPU
	EndGlobalSection
	GlobalSection(ProjectConfigurationPlatforms) = postSolution
		{AE61C6B2-6332-40B0-81B5-DE9412C70255}.Debug|Any CPU.ActiveCfg = Debug|Any CPU
		{AE61C6B2-6332-40B0-81B5-DE9412C70255}.Debug|Any CPU.Build.0 = Debug|Any CPU
		{AE61C6B2-6332-40B0-81B5-DE9412C70255}.Release|Any CPU.ActiveCfg = Release|Any CPU
		{AE61C6B2-6332-40B0-81B5-DE9412C70255}.Release|Any CPU.Build.0 = Release|Any CPU
	EndGlobalSection
	GlobalSection(SolutionProperties) = preSolution
		HideSolutionNode = FALSE
	EndGlobalSection
	GlobalSection(ExtensibilityGlobals) = postSolution
		SolutionGuid = {ABC22707-FFBF-4C82-8C73-6F8D01B0AFA9}
	EndGlobalSection
EndGlobal
